
Microsoft Visual Studio Solution File, Format Version 11.00
# Visual Studio 2010
Project("{FAE04EC0-301F-11D3-BF4B-00C04F79EFBC}") = "MazeAdventures.0", "Assembly-CSharp.csproj", "{C481967A-090F-C40E-AC75-4E995B8153ED}"
EndProject
Project("{FAE04EC0-301F-11D3-BF4B-00C04F79EFBC}") = "MazeAdventures.0", "Assembly-CSharp-firstpass.csproj", "{7EBCB43A-3DCA-7961-DD24-83EDC7FB5352}"
EndProject
Project("{FAE04EC0-301F-11D3-BF4B-00C04F79EFBC}") = "MazeAdventures.0", "Assembly-CSharp-Editor-firstpass.csproj", "{66495695-CD2C-A09B-6ACA-AEBAA1FB57F4}"
EndProject
Global
	GlobalSection(SolutionConfigurationPlatforms) = preSolution
		Debug|Any CPU = Debug|Any CPU
		Release|Any CPU = Release|Any CPU
	EndGlobalSection
	GlobalSection(ProjectConfigurationPlatforms) = postSolution
		{C481967A-090F-C40E-AC75-4E995B8153ED}.Debug|Any CPU.ActiveCfg = Debug|Any CPU
		{C481967A-090F-C40E-AC75-4E995B8153ED}.Debug|Any CPU.Build.0 = Debug|Any CPU
		{C481967A-090F-C40E-AC75-4E995B8153ED}.Release|Any CPU.ActiveCfg = Release|Any CPU
		{C481967A-090F-C40E-AC75-4E995B8153ED}.Release|Any CPU.Build.0 = Release|Any CPU
		{7EBCB43A-3DCA-7961-DD24-83EDC7FB5352}.Debug|Any CPU.ActiveCfg = Debug|Any CPU
		{7EBCB43A-3DCA-7961-DD24-83EDC7FB5352}.Debug|Any CPU.Build.0 = Debug|Any CPU
		{7EBCB43A-3DCA-7961-DD24-83EDC7FB5352}.Release|Any CPU.ActiveCfg = Release|Any CPU
		{7EBCB43A-3DCA-7961-DD24-83EDC7FB5352}.Release|Any CPU.Build.0 = Release|Any CPU
		{66495695-CD2C-A09B-6ACA-AEBAA1FB57F4}.Debug|Any CPU.ActiveCfg = Debug|Any CPU
		{66495695-CD2C-A09B-6ACA-AEBAA1FB57F4}.Debug|Any CPU.Build.0 = Debug|Any CPU
		{66495695-CD2C-A09B-6ACA-AEBAA1FB57F4}.Release|Any CPU.ActiveCfg = Release|Any CPU
		{66495695-CD2C-A09B-6ACA-AEBAA1FB57F4}.Release|Any CPU.Build.0 = Release|Any CPU
	EndGlobalSection
	GlobalSection(SolutionProperties) = preSolution
		HideSolutionNode = FALSE
	EndGlobalSection
	GlobalSection(MonoDevelopProperties) = preSolution
		StartupItem = Assembly-CSharp.csproj
	EndGlobalSection
EndGlobal
